
Microsoft Visual Studio Solution File, Format Version 12.00
# Visual Studio Version 17
VisualStudioVersion = 17.0.31912.275
MinimumVisualStudioVersion = 10.0.40219.1
Project("{FAE04EC0-301F-11D3-BF4B-00C04F79EFBC}") = "eTickets", "eTickets\eTickets.csproj", "{10CD0B83-3686-4F74-9AAA-F8573EE2B347}"
EndProject
Global
	GlobalSection(SolutionConfigurationPlatforms) = preSolution
		Debug|Any CPU = Debug|Any CPU
		Release|Any CPU = Release|Any CPU
	EndGlobalSection
	GlobalSection(ProjectConfigurationPlatforms) = postSolution
		{10CD0B83-3686-4F74-9AAA-F8573EE2B347}.Debug|Any CPU.ActiveCfg = Debug|Any CPU
		{10CD0B83-3686-4F74-9AAA-F8573EE2B347}.Debug|Any CPU.Build.0 = Debug|Any CPU
		{10CD0B83-3686-4F74-9AAA-F8573EE2B347}.Release|Any CPU.ActiveCfg = Release|Any CPU
		{10CD0B83-3686-4F74-9AAA-F8573EE2B347}.Release|Any CPU.Build.0 = Release|Any CPU
	EndGlobalSection
	GlobalSection(SolutionProperties) = preSolution
		HideSolutionNode = FALSE
	EndGlobalSection
	GlobalSection(ExtensibilityGlobals) = postSolution
		SolutionGuid = {D2BC2904-E1F7-48F5-8F85-94D7C6CAFE35}
	EndGlobalSection
EndGlobal
